// !$*UTF8*$!
{
	archiveVersion = 1;
	classes = {
	};
	objectVersion = 53;
	objects = {

/* Begin PBXBuildFile section */
		150DD150255ED9D90068A1B8 /* ListViewCell.swift in Sources */ = {isa = PBXBuildFile; fileRef = 150DD14F255ED9D90068A1B8 /* ListViewCell.swift */; };
		151B9F93258B2664001DE93C /* SplashScreenViewController.swift in Sources */ = {isa = PBXBuildFile; fileRef = 151B9F92258B2664001DE93C /* SplashScreenViewController.swift */; };
		151B9F96258B945C001DE93C /* Utils.swift in Sources */ = {isa = PBXBuildFile; fileRef = 151B9F95258B945C001DE93C /* Utils.swift */; };
		151B9F99258C5B58001DE93C /* MovieService.swift in Sources */ = {isa = PBXBuildFile; fileRef = 151B9F98258C5B58001DE93C /* MovieService.swift */; };
		151B9F9D258C5E42001DE93C /* MovieStore.swift in Sources */ = {isa = PBXBuildFile; fileRef = 151B9F9C258C5E42001DE93C /* MovieStore.swift */; };
		151B9FA0258CC006001DE93C /* Movie.swift in Sources */ = {isa = PBXBuildFile; fileRef = 151B9F9F258CC006001DE93C /* Movie.swift */; };
		151E71A3258D1FE10061D4B2 /* MovieEntity+CoreDataClass.swift in Sources */ = {isa = PBXBuildFile; fileRef = 151E71A1258D1FE10061D4B2 /* MovieEntity+CoreDataClass.swift */; };
		151E71A4258D1FE10061D4B2 /* MovieEntity+CoreDataProperties.swift in Sources */ = {isa = PBXBuildFile; fileRef = 151E71A2258D1FE10061D4B2 /* MovieEntity+CoreDataProperties.swift */; };
		1585D78E254367C8006A9433 /* CoreDataController.swift in Sources */ = {isa = PBXBuildFile; fileRef = 1585D78D254367C8006A9433 /* CoreDataController.swift */; };
		1597CB2F255C5619001FBA8F /* ImageData.swift in Sources */ = {isa = PBXBuildFile; fileRef = 1597CB2E255C5619001FBA8F /* ImageData.swift */; };
		15A4B5FF25493B0000534EFE /* ToDo.rtf in Resources */ = {isa = PBXBuildFile; fileRef = 15A4B5FE25493B0000534EFE /* ToDo.rtf */; };
		15A4B60225493DCF00534EFE /* MovieCollectionViewController+Extensions.swift in Sources */ = {isa = PBXBuildFile; fileRef = 15A4B60125493DCF00534EFE /* MovieCollectionViewController+Extensions.swift */; };
		15A4B608254944C900534EFE /* MovieCell.swift in Sources */ = {isa = PBXBuildFile; fileRef = 15A4B607254944C900534EFE /* MovieCell.swift */; };
		15A4B60B2549455800534EFE /* TitleSupplementaryView.swift in Sources */ = {isa = PBXBuildFile; fileRef = 15A4B60A2549455800534EFE /* TitleSupplementaryView.swift */; };
		15A4B60E2549D8AC00534EFE /* MovieDataController.swift in Sources */ = {isa = PBXBuildFile; fileRef = 15A4B60D2549D8AC00534EFE /* MovieDataController.swift */; };
		15C29879255663090064B074 /* MovieDetailViewController.swift in Sources */ = {isa = PBXBuildFile; fileRef = 15C29878255663090064B074 /* MovieDetailViewController.swift */; };
		15C2987D2556640D0064B074 /* MainTabBarController.swift in Sources */ = {isa = PBXBuildFile; fileRef = 15C2987C2556640D0064B074 /* MainTabBarController.swift */; };
		15C29880255668210064B074 /* BookmarksViewController.swift in Sources */ = {isa = PBXBuildFile; fileRef = 15C2987F255668210064B074 /* BookmarksViewController.swift */; };
		15C29883255668430064B074 /* WatchedViewController.swift in Sources */ = {isa = PBXBuildFile; fileRef = 15C29882255668430064B074 /* WatchedViewController.swift */; };
		15C29887255668550064B074 /* FavoritesViewController.swift in Sources */ = {isa = PBXBuildFile; fileRef = 15C29886255668550064B074 /* FavoritesViewController.swift */; };
		15CF92902542F51F00CCBBF9 /* CastData.swift in Sources */ = {isa = PBXBuildFile; fileRef = 15CF928E2542F51F00CCBBF9 /* CastData.swift */; };
		15CF92912542F51F00CCBBF9 /* CastDTOMapper.swift in Sources */ = {isa = PBXBuildFile; fileRef = 15CF928F2542F51F00CCBBF9 /* CastDTOMapper.swift */; };
		15CF92972542F55500CCBBF9 /* CompanyDTOMapper.swift in Sources */ = {isa = PBXBuildFile; fileRef = 15CF92962542F55500CCBBF9 /* CompanyDTOMapper.swift */; };
		15CF929A2542F58A00CCBBF9 /* CompanyData.swift in Sources */ = {isa = PBXBuildFile; fileRef = 15CF92992542F58A00CCBBF9 /* CompanyData.swift */; };
		15CF929F2542F6C000CCBBF9 /* MovieDTOMapper.swift in Sources */ = {isa = PBXBuildFile; fileRef = 15CF929E2542F6C000CCBBF9 /* MovieDTOMapper.swift */; };
		15CF92A82543409C00CCBBF9 /* MovieModel.xcdatamodeld in Sources */ = {isa = PBXBuildFile; fileRef = 15CF92A62543409C00CCBBF9 /* MovieModel.xcdatamodeld */; };
		15E7E9FD2540987D00D459FA /* AppDelegate.swift in Sources */ = {isa = PBXBuildFile; fileRef = 15E7E9FC2540987D00D459FA /* AppDelegate.swift */; };
		15E7E9FF2540987D00D459FA /* SceneDelegate.swift in Sources */ = {isa = PBXBuildFile; fileRef = 15E7E9FE2540987D00D459FA /* SceneDelegate.swift */; };
		15E7EA012540987D00D459FA /* MovieCollectionViewController.swift in Sources */ = {isa = PBXBuildFile; fileRef = 15E7EA002540987D00D459FA /* MovieCollectionViewController.swift */; };
		15E7EA042540987D00D459FA /* Main.storyboard in Resources */ = {isa = PBXBuildFile; fileRef = 15E7EA022540987D00D459FA /* Main.storyboard */; };
		15E7EA062540987F00D459FA /* Assets.xcassets in Resources */ = {isa = PBXBuildFile; fileRef = 15E7EA052540987F00D459FA /* Assets.xcassets */; };
		15E7EA092540987F00D459FA /* LaunchScreen.storyboard in Resources */ = {isa = PBXBuildFile; fileRef = 15E7EA072540987F00D459FA /* LaunchScreen.storyboard */; };
		15E7EA12254098A700D459FA /* MovieResponse.swift in Sources */ = {isa = PBXBuildFile; fileRef = 15E7EA11254098A700D459FA /* MovieResponse.swift */; };
		15E7EA15254098D200D459FA /* MovieServiceAPI.swift in Sources */ = {isa = PBXBuildFile; fileRef = 15E7EA14254098D200D459FA /* MovieServiceAPI.swift */; };
		15E7EA1F2542039B00D459FA /* CastResponse.swift in Sources */ = {isa = PBXBuildFile; fileRef = 15E7EA1E2542039B00D459FA /* CastResponse.swift */; };
		15E7EA232542048000D459FA /* CompanyResponse.swift in Sources */ = {isa = PBXBuildFile; fileRef = 15E7EA222542048000D459FA /* CompanyResponse.swift */; };
/* End PBXBuildFile section */

/* Begin PBXFileReference section */
		150DD14F255ED9D90068A1B8 /* ListViewCell.swift */ = {isa = PBXFileReference; lastKnownFileType = sourcecode.swift; path = ListViewCell.swift; sourceTree = "<group>"; };
		151B9F92258B2664001DE93C /* SplashScreenViewController.swift */ = {isa = PBXFileReference; lastKnownFileType = sourcecode.swift; path = SplashScreenViewController.swift; sourceTree = "<group>"; };
		151B9F95258B945C001DE93C /* Utils.swift */ = {isa = PBXFileReference; lastKnownFileType = sourcecode.swift; path = Utils.swift; sourceTree = "<group>"; };
		151B9F98258C5B58001DE93C /* MovieService.swift */ = {isa = PBXFileReference; lastKnownFileType = sourcecode.swift; path = MovieService.swift; sourceTree = "<group>"; };
		151B9F9C258C5E42001DE93C /* MovieStore.swift */ = {isa = PBXFileReference; lastKnownFileType = sourcecode.swift; path = MovieStore.swift; sourceTree = "<group>"; };
		151B9F9F258CC006001DE93C /* Movie.swift */ = {isa = PBXFileReference; lastKnownFileType = sourcecode.swift; path = Movie.swift; sourceTree = "<group>"; };
		151E71A1258D1FE10061D4B2 /* MovieEntity+CoreDataClass.swift */ = {isa = PBXFileReference; lastKnownFileType = sourcecode.swift; path = "MovieEntity+CoreDataClass.swift"; sourceTree = "<group>"; };
		151E71A2258D1FE10061D4B2 /* MovieEntity+CoreDataProperties.swift */ = {isa = PBXFileReference; lastKnownFileType = sourcecode.swift; path = "MovieEntity+CoreDataProperties.swift"; sourceTree = "<group>"; };
		1585D78D254367C8006A9433 /* CoreDataController.swift */ = {isa = PBXFileReference; lastKnownFileType = sourcecode.swift; path = CoreDataController.swift; sourceTree = "<group>"; };
		1597CB2E255C5619001FBA8F /* ImageData.swift */ = {isa = PBXFileReference; lastKnownFileType = sourcecode.swift; path = ImageData.swift; sourceTree = "<group>"; };
		15A4B5FE25493B0000534EFE /* ToDo.rtf */ = {isa = PBXFileReference; lastKnownFileType = text.rtf; path = ToDo.rtf; sourceTree = "<group>"; };
		15A4B60125493DCF00534EFE /* MovieCollectionViewController+Extensions.swift */ = {isa = PBXFileReference; lastKnownFileType = sourcecode.swift; path = "MovieCollectionViewController+Extensions.swift"; sourceTree = "<group>"; };
		15A4B607254944C900534EFE /* MovieCell.swift */ = {isa = PBXFileReference; lastKnownFileType = sourcecode.swift; path = MovieCell.swift; sourceTree = "<group>"; };
		15A4B60A2549455800534EFE /* TitleSupplementaryView.swift */ = {isa = PBXFileReference; lastKnownFileType = sourcecode.swift; path = TitleSupplementaryView.swift; sourceTree = "<group>"; };
		15A4B60D2549D8AC00534EFE /* MovieDataController.swift */ = {isa = PBXFileReference; lastKnownFileType = sourcecode.swift; path = MovieDataController.swift; sourceTree = "<group>"; };
		15C29878255663090064B074 /* MovieDetailViewController.swift */ = {isa = PBXFileReference; lastKnownFileType = sourcecode.swift; path = MovieDetailViewController.swift; sourceTree = "<group>"; };
		15C2987C2556640D0064B074 /* MainTabBarController.swift */ = {isa = PBXFileReference; lastKnownFileType = sourcecode.swift; path = MainTabBarController.swift; sourceTree = "<group>"; };
		15C2987F255668210064B074 /* BookmarksViewController.swift */ = {isa = PBXFileReference; lastKnownFileType = sourcecode.swift; path = BookmarksViewController.swift; sourceTree = "<group>"; };
		15C29882255668430064B074 /* WatchedViewController.swift */ = {isa = PBXFileReference; lastKnownFileType = sourcecode.swift; path = WatchedViewController.swift; sourceTree = "<group>"; };
		15C29886255668550064B074 /* FavoritesViewController.swift */ = {isa = PBXFileReference; lastKnownFileType = sourcecode.swift; path = FavoritesViewController.swift; sourceTree = "<group>"; };
		15CF928E2542F51F00CCBBF9 /* CastData.swift */ = {isa = PBXFileReference; fileEncoding = 4; lastKnownFileType = sourcecode.swift; path = CastData.swift; sourceTree = "<group>"; };
		15CF928F2542F51F00CCBBF9 /* CastDTOMapper.swift */ = {isa = PBXFileReference; fileEncoding = 4; lastKnownFileType = sourcecode.swift; path = CastDTOMapper.swift; sourceTree = "<group>"; };
		15CF92962542F55500CCBBF9 /* CompanyDTOMapper.swift */ = {isa = PBXFileReference; fileEncoding = 4; lastKnownFileType = sourcecode.swift; path = CompanyDTOMapper.swift; sourceTree = "<group>"; };
		15CF92992542F58A00CCBBF9 /* CompanyData.swift */ = {isa = PBXFileReference; fileEncoding = 4; lastKnownFileType = sourcecode.swift; path = CompanyData.swift; sourceTree = "<group>"; };
		15CF929E2542F6C000CCBBF9 /* MovieDTOMapper.swift */ = {isa = PBXFileReference; fileEncoding = 4; lastKnownFileType = sourcecode.swift; path = MovieDTOMapper.swift; sourceTree = "<group>"; };
		15CF92A72543409C00CCBBF9 /* MovieModel.xcdatamodel */ = {isa = PBXFileReference; lastKnownFileType = wrapper.xcdatamodel; path = MovieModel.xcdatamodel; sourceTree = "<group>"; };
		15E7E9F92540987D00D459FA /* PopcornSwirl.app */ = {isa = PBXFileReference; explicitFileType = wrapper.application; includeInIndex = 0; path = PopcornSwirl.app; sourceTree = BUILT_PRODUCTS_DIR; };
		15E7E9FC2540987D00D459FA /* AppDelegate.swift */ = {isa = PBXFileReference; lastKnownFileType = sourcecode.swift; path = AppDelegate.swift; sourceTree = "<group>"; };
		15E7E9FE2540987D00D459FA /* SceneDelegate.swift */ = {isa = PBXFileReference; lastKnownFileType = sourcecode.swift; path = SceneDelegate.swift; sourceTree = "<group>"; };
		15E7EA002540987D00D459FA /* MovieCollectionViewController.swift */ = {isa = PBXFileReference; lastKnownFileType = sourcecode.swift; path = MovieCollectionViewController.swift; sourceTree = "<group>"; };
		15E7EA032540987D00D459FA /* Base */ = {isa = PBXFileReference; lastKnownFileType = file.storyboard; name = Base; path = Base.lproj/Main.storyboard; sourceTree = "<group>"; };
		15E7EA052540987F00D459FA /* Assets.xcassets */ = {isa = PBXFileReference; lastKnownFileType = folder.assetcatalog; path = Assets.xcassets; sourceTree = "<group>"; };
		15E7EA082540987F00D459FA /* Base */ = {isa = PBXFileReference; lastKnownFileType = file.storyboard; name = Base; path = Base.lproj/LaunchScreen.storyboard; sourceTree = "<group>"; };
		15E7EA0A2540987F00D459FA /* Info.plist */ = {isa = PBXFileReference; lastKnownFileType = text.plist.xml; path = Info.plist; sourceTree = "<group>"; };
		15E7EA11254098A700D459FA /* MovieResponse.swift */ = {isa = PBXFileReference; lastKnownFileType = sourcecode.swift; path = MovieResponse.swift; sourceTree = "<group>"; };
		15E7EA14254098D200D459FA /* MovieServiceAPI.swift */ = {isa = PBXFileReference; lastKnownFileType = sourcecode.swift; path = MovieServiceAPI.swift; sourceTree = "<group>"; };
		15E7EA1E2542039B00D459FA /* CastResponse.swift */ = {isa = PBXFileReference; lastKnownFileType = sourcecode.swift; path = CastResponse.swift; sourceTree = "<group>"; };
		15E7EA222542048000D459FA /* CompanyResponse.swift */ = {isa = PBXFileReference; lastKnownFileType = sourcecode.swift; path = CompanyResponse.swift; sourceTree = "<group>"; };
/* End PBXFileReference section */

/* Begin PBXFrameworksBuildPhase section */
		15E7E9F62540987D00D459FA /* Frameworks */ = {
			isa = PBXFrameworksBuildPhase;
			buildActionMask = 2147483647;
			files = (
			);
			runOnlyForDeploymentPostprocessing = 0;
		};
/* End PBXFrameworksBuildPhase section */

/* Begin PBXGroup section */
		15CF92892542F4C200CCBBF9 /* Model */ = {
			isa = PBXGroup;
			children = (
				151B9F9F258CC006001DE93C /* Movie.swift */,
				15A4B60D2549D8AC00534EFE /* MovieDataController.swift */,
				15E7EA11254098A700D459FA /* MovieResponse.swift */,
				15CF929E2542F6C000CCBBF9 /* MovieDTOMapper.swift */,
				15CF928E2542F51F00CCBBF9 /* CastData.swift */,
				15E7EA1E2542039B00D459FA /* CastResponse.swift */,
				15CF928F2542F51F00CCBBF9 /* CastDTOMapper.swift */,
				15CF92992542F58A00CCBBF9 /* CompanyData.swift */,
				15E7EA222542048000D459FA /* CompanyResponse.swift */,
				15CF92962542F55500CCBBF9 /* CompanyDTOMapper.swift */,
				1597CB2E255C5619001FBA8F /* ImageData.swift */,
				15CF92AB25434C9A00CCBBF9 /* Core Data */,
			);
			path = Model;
			sourceTree = "<group>";
		};
		15CF928B2542F4D700CCBBF9 /* Cells and Views */ = {
			isa = PBXGroup;
			children = (
				15A4B607254944C900534EFE /* MovieCell.swift */,
				150DD14F255ED9D90068A1B8 /* ListViewCell.swift */,
				15A4B60A2549455800534EFE /* TitleSupplementaryView.swift */,
				15E7EA022540987D00D459FA /* Main.storyboard */,
				15E7EA072540987F00D459FA /* LaunchScreen.storyboard */,
			);
			path = "Cells and Views";
			sourceTree = "<group>";
		};
		15CF928C2542F4E700CCBBF9 /* Controller */ = {
			isa = PBXGroup;
			children = (
				151B9F92258B2664001DE93C /* SplashScreenViewController.swift */,
				15E7EA002540987D00D459FA /* MovieCollectionViewController.swift */,
				15A4B60125493DCF00534EFE /* MovieCollectionViewController+Extensions.swift */,
				15C29878255663090064B074 /* MovieDetailViewController.swift */,
				15C2987F255668210064B074 /* BookmarksViewController.swift */,
				15C29882255668430064B074 /* WatchedViewController.swift */,
				15C29886255668550064B074 /* FavoritesViewController.swift */,
				15C2987C2556640D0064B074 /* MainTabBarController.swift */,
			);
			path = Controller;
			sourceTree = "<group>";
		};
		15CF928D2542F4FD00CCBBF9 /* Services */ = {
			isa = PBXGroup;
			children = (
				15E7EA14254098D200D459FA /* MovieServiceAPI.swift */,
				151B9F98258C5B58001DE93C /* MovieService.swift */,
				151B9F9C258C5E42001DE93C /* MovieStore.swift */,
				151B9F95258B945C001DE93C /* Utils.swift */,
			);
			path = Services;
			sourceTree = "<group>";
		};
		15CF92AB25434C9A00CCBBF9 /* Core Data */ = {
			isa = PBXGroup;
			children = (
				1585D78D254367C8006A9433 /* CoreDataController.swift */,
				151E71A1258D1FE10061D4B2 /* MovieEntity+CoreDataClass.swift */,
				151E71A2258D1FE10061D4B2 /* MovieEntity+CoreDataProperties.swift */,
				15CF92A62543409C00CCBBF9 /* MovieModel.xcdatamodeld */,
			);
			path = "Core Data";
			sourceTree = "<group>";
		};
		15E7E9F02540987D00D459FA = {
			isa = PBXGroup;
			children = (
				15E7E9FB2540987D00D459FA /* MovieDBCheck */,
				15A4B5FE25493B0000534EFE /* ToDo.rtf */,
				15E7E9FA2540987D00D459FA /* Products */,
			);
			sourceTree = "<group>";
		};
		15E7E9FA2540987D00D459FA /* Products */ = {
			isa = PBXGroup;
			children = (
				15E7E9F92540987D00D459FA /* PopcornSwirl.app */,
			);
			name = Products;
			sourceTree = "<group>";
		};
		15E7E9FB2540987D00D459FA /* MovieDBCheck */ = {
			isa = PBXGroup;
			children = (
				15E7E9FC2540987D00D459FA /* AppDelegate.swift */,
				15E7E9FE2540987D00D459FA /* SceneDelegate.swift */,
				15CF92892542F4C200CCBBF9 /* Model */,
				15CF928B2542F4D700CCBBF9 /* Cells and Views */,
				15CF928C2542F4E700CCBBF9 /* Controller */,
				15CF928D2542F4FD00CCBBF9 /* Services */,
				15E7EA052540987F00D459FA /* Assets.xcassets */,
				15E7EA0A2540987F00D459FA /* Info.plist */,
			);
			path = MovieDBCheck;
			sourceTree = "<group>";
		};
/* End PBXGroup section */

/* Begin PBXNativeTarget section */
		15E7E9F82540987D00D459FA /* PopcornSwirl */ = {
			isa = PBXNativeTarget;
			buildConfigurationList = 15E7EA0D2540987F00D459FA /* Build configuration list for PBXNativeTarget "PopcornSwirl" */;
			buildPhases = (
				15E7E9F52540987D00D459FA /* Sources */,
				15E7E9F62540987D00D459FA /* Frameworks */,
				15E7E9F72540987D00D459FA /* Resources */,
			);
			buildRules = (
			);
			dependencies = (
			);
			name = PopcornSwirl;
			productName = MovieDBCheck;
			productReference = 15E7E9F92540987D00D459FA /* PopcornSwirl.app */;
			productType = "com.apple.product-type.application";
		};
/* End PBXNativeTarget section */

/* Begin PBXProject section */
		15E7E9F12540987D00D459FA /* Project object */ = {
			isa = PBXProject;
			attributes = {
				LastSwiftUpdateCheck = 1210;
				LastUpgradeCheck = 1210;
				TargetAttributes = {
					15E7E9F82540987D00D459FA = {
						CreatedOnToolsVersion = 12.1;
					};
				};
			};
			buildConfigurationList = 15E7E9F42540987D00D459FA /* Build configuration list for PBXProject "PopcornSwirl" */;
			compatibilityVersion = "Xcode 11.4";
			developmentRegion = en;
			hasScannedForEncodings = 0;
			knownRegions = (
				en,
				Base,
			);
			mainGroup = 15E7E9F02540987D00D459FA;
			productRefGroup = 15E7E9FA2540987D00D459FA /* Products */;
			projectDirPath = "";
			projectRoot = "";
			targets = (
				15E7E9F82540987D00D459FA /* PopcornSwirl */,
			);
		};
/* End PBXProject section */

/* Begin PBXResourcesBuildPhase section */
		15E7E9F72540987D00D459FA /* Resources */ = {
			isa = PBXResourcesBuildPhase;
			buildActionMask = 2147483647;
			files = (
				15A4B5FF25493B0000534EFE /* ToDo.rtf in Resources */,
				15E7EA092540987F00D459FA /* LaunchScreen.storyboard in Resources */,
				15E7EA062540987F00D459FA /* Assets.xcassets in Resources */,
				15E7EA042540987D00D459FA /* Main.storyboard in Resources */,
			);
			runOnlyForDeploymentPostprocessing = 0;
		};
/* End PBXResourcesBuildPhase section */

/* Begin PBXSourcesBuildPhase section */
		15E7E9F52540987D00D459FA /* Sources */ = {
			isa = PBXSourcesBuildPhase;
			buildActionMask = 2147483647;
			files = (
				151B9FA0258CC006001DE93C /* Movie.swift in Sources */,
				15C29880255668210064B074 /* BookmarksViewController.swift in Sources */,
				15C29883255668430064B074 /* WatchedViewController.swift in Sources */,
				15CF92A82543409C00CCBBF9 /* MovieModel.xcdatamodeld in Sources */,
				1585D78E254367C8006A9433 /* CoreDataController.swift in Sources */,
				151B9F93258B2664001DE93C /* SplashScreenViewController.swift in Sources */,
				15A4B608254944C900534EFE /* MovieCell.swift in Sources */,
				151B9F99258C5B58001DE93C /* MovieService.swift in Sources */,
				15E7EA012540987D00D459FA /* MovieCollectionViewController.swift in Sources */,
				15E7EA15254098D200D459FA /* MovieServiceAPI.swift in Sources */,
				15C29887255668550064B074 /* FavoritesViewController.swift in Sources */,
				151B9F96258B945C001DE93C /* Utils.swift in Sources */,
				15E7EA12254098A700D459FA /* MovieResponse.swift in Sources */,
				15CF92972542F55500CCBBF9 /* CompanyDTOMapper.swift in Sources */,
				150DD150255ED9D90068A1B8 /* ListViewCell.swift in Sources */,
				15CF92902542F51F00CCBBF9 /* CastData.swift in Sources */,
				15E7EA232542048000D459FA /* CompanyResponse.swift in Sources */,
				15A4B60225493DCF00534EFE /* MovieCollectionViewController+Extensions.swift in Sources */,
				15A4B60E2549D8AC00534EFE /* MovieDataController.swift in Sources */,
				15C29879255663090064B074 /* MovieDetailViewController.swift in Sources */,
				15E7EA1F2542039B00D459FA /* CastResponse.swift in Sources */,
				151E71A3258D1FE10061D4B2 /* MovieEntity+CoreDataClass.swift in Sources */,
				151B9F9D258C5E42001DE93C /* MovieStore.swift in Sources */,
				15A4B60B2549455800534EFE /* TitleSupplementaryView.swift in Sources */,
				1597CB2F255C5619001FBA8F /* ImageData.swift in Sources */,
				15CF929A2542F58A00CCBBF9 /* CompanyData.swift in Sources */,
				15E7E9FD2540987D00D459FA /* AppDelegate.swift in Sources */,
				151E71A4258D1FE10061D4B2 /* MovieEntity+CoreDataProperties.swift in Sources */,
				15CF92912542F51F00CCBBF9 /* CastDTOMapper.swift in Sources */,
				15CF929F2542F6C000CCBBF9 /* MovieDTOMapper.swift in Sources */,
				15C2987D2556640D0064B074 /* MainTabBarController.swift in Sources */,
				15E7E9FF2540987D00D459FA /* SceneDelegate.swift in Sources */,
			);
			runOnlyForDeploymentPostprocessing = 0;
		};
/* End PBXSourcesBuildPhase section */

/* Begin PBXVariantGroup section */
		15E7EA022540987D00D459FA /* Main.storyboard */ = {
			isa = PBXVariantGroup;
			children = (
				15E7EA032540987D00D459FA /* Base */,
			);
			name = Main.storyboard;
			sourceTree = "<group>";
		};
		15E7EA072540987F00D459FA /* LaunchScreen.storyboard */ = {
			isa = PBXVariantGroup;
			children = (
				15E7EA082540987F00D459FA /* Base */,
			);
			name = LaunchScreen.storyboard;
			sourceTree = "<group>";
		};
/* End PBXVariantGroup section */

/* Begin XCBuildConfiguration section */
		15E7EA0B2540987F00D459FA /* Debug */ = {
			isa = XCBuildConfiguration;
			buildSettings = {
				ALWAYS_SEARCH_USER_PATHS = NO;
				CLANG_ANALYZER_NONNULL = YES;
				CLANG_ANALYZER_NUMBER_OBJECT_CONVERSION = YES_AGGRESSIVE;
				CLANG_CXX_LANGUAGE_STANDARD = "gnu++14";
				CLANG_CXX_LIBRARY = "libc++";
				CLANG_ENABLE_MODULES = YES;
				CLANG_ENABLE_OBJC_ARC = YES;
				CLANG_ENABLE_OBJC_WEAK = YES;
				CLANG_WARN_BLOCK_CAPTURE_AUTORELEASING = YES;
				CLANG_WARN_BOOL_CONVERSION = YES;
				CLANG_WARN_COMMA = YES;
				CLANG_WARN_CONSTANT_CONVERSION = YES;
				CLANG_WARN_DEPRECATED_OBJC_IMPLEMENTATIONS = YES;
				CLANG_WARN_DIRECT_OBJC_ISA_USAGE = YES_ERROR;
				CLANG_WARN_DOCUMENTATION_COMMENTS = YES;
				CLANG_WARN_EMPTY_BODY = YES;
				CLANG_WARN_ENUM_CONVERSION = YES;
				CLANG_WARN_INFINITE_RECURSION = YES;
				CLANG_WARN_INT_CONVERSION = YES;
				CLANG_WARN_NON_LITERAL_NULL_CONVERSION = YES;
				CLANG_WARN_OBJC_IMPLICIT_RETAIN_SELF = YES;
				CLANG_WARN_OBJC_LITERAL_CONVERSION = YES;
				CLANG_WARN_OBJC_ROOT_CLASS = YES_ERROR;
				CLANG_WARN_QUOTED_INCLUDE_IN_FRAMEWORK_HEADER = YES;
				CLANG_WARN_RANGE_LOOP_ANALYSIS = YES;
				CLANG_WARN_STRICT_PROTOTYPES = YES;
				CLANG_WARN_SUSPICIOUS_MOVE = YES;
				CLANG_WARN_UNGUARDED_AVAILABILITY = YES_AGGRESSIVE;
				CLANG_WARN_UNREACHABLE_CODE = YES;
				CLANG_WARN__DUPLICATE_METHOD_MATCH = YES;
				COPY_PHASE_STRIP = NO;
				DEBUG_INFORMATION_FORMAT = dwarf;
				ENABLE_STRICT_OBJC_MSGSEND = YES;
				ENABLE_TESTABILITY = YES;
				GCC_C_LANGUAGE_STANDARD = gnu11;
				GCC_DYNAMIC_NO_PIC = NO;
				GCC_NO_COMMON_BLOCKS = YES;
				GCC_OPTIMIZATION_LEVEL = 0;
				GCC_PREPROCESSOR_DEFINITIONS = (
					"DEBUG=1",
					"$(inherited)",
				);
				GCC_WARN_64_TO_32_BIT_CONVERSION = YES;
				GCC_WARN_ABOUT_RETURN_TYPE = YES_ERROR;
				GCC_WARN_UNDECLARED_SELECTOR = YES;
				GCC_WARN_UNINITIALIZED_AUTOS = YES_AGGRESSIVE;
				GCC_WARN_UNUSED_FUNCTION = YES;
				GCC_WARN_UNUSED_VARIABLE = YES;
				IPHONEOS_DEPLOYMENT_TARGET = 14.1;
				MTL_ENABLE_DEBUG_INFO = INCLUDE_SOURCE;
				MTL_FAST_MATH = YES;
				ONLY_ACTIVE_ARCH = YES;
				SDKROOT = iphoneos;
				SWIFT_ACTIVE_COMPILATION_CONDITIONS = DEBUG;
				SWIFT_OPTIMIZATION_LEVEL = "-Onone";
			};
			name = Debug;
		};
		15E7EA0C2540987F00D459FA /* Release */ = {
			isa = XCBuildConfiguration;
			buildSettings = {
				ALWAYS_SEARCH_USER_PATHS = NO;
				CLANG_ANALYZER_NONNULL = YES;
				CLANG_ANALYZER_NUMBER_OBJECT_CONVERSION = YES_AGGRESSIVE;
				CLANG_CXX_LANGUAGE_STANDARD = "gnu++14";
				CLANG_CXX_LIBRARY = "libc++";
				CLANG_ENABLE_MODULES = YES;
				CLANG_ENABLE_OBJC_ARC = YES;
				CLANG_ENABLE_OBJC_WEAK = YES;
				CLANG_WARN_BLOCK_CAPTURE_AUTORELEASING = YES;
				CLANG_WARN_BOOL_CONVERSION = YES;
				CLANG_WARN_COMMA = YES;
				CLANG_WARN_CONSTANT_CONVERSION = YES;
				CLANG_WARN_DEPRECATED_OBJC_IMPLEMENTATIONS = YES;
				CLANG_WARN_DIRECT_OBJC_ISA_USAGE = YES_ERROR;
				CLANG_WARN_DOCUMENTATION_COMMENTS = YES;
				CLANG_WARN_EMPTY_BODY = YES;
				CLANG_WARN_ENUM_CONVERSION = YES;
				CLANG_WARN_INFINITE_RECURSION = YES;
				CLANG_WARN_INT_CONVERSION = YES;
				CLANG_WARN_NON_LITERAL_NULL_CONVERSION = YES;
				CLANG_WARN_OBJC_IMPLICIT_RETAIN_SELF = YES;
				CLANG_WARN_OBJC_LITERAL_CONVERSION = YES;
				CLANG_WARN_OBJC_ROOT_CLASS = YES_ERROR;
				CLANG_WARN_QUOTED_INCLUDE_IN_FRAMEWORK_HEADER = YES;
				CLANG_WARN_RANGE_LOOP_ANALYSIS = YES;
				CLANG_WARN_STRICT_PROTOTYPES = YES;
				CLANG_WARN_SUSPICIOUS_MOVE = YES;
				CLANG_WARN_UNGUARDED_AVAILABILITY = YES_AGGRESSIVE;
				CLANG_WARN_UNREACHABLE_CODE = YES;
				CLANG_WARN__DUPLICATE_METHOD_MATCH = YES;
				COPY_PHASE_STRIP = NO;
				DEBUG_INFORMATION_FORMAT = "dwarf-with-dsym";
				ENABLE_NS_ASSERTIONS = NO;
				ENABLE_STRICT_OBJC_MSGSEND = YES;
				GCC_C_LANGUAGE_STANDARD = gnu11;
				GCC_NO_COMMON_BLOCKS = YES;
				GCC_WARN_64_TO_32_BIT_CONVERSION = YES;
				GCC_WARN_ABOUT_RETURN_TYPE = YES_ERROR;
				GCC_WARN_UNDECLARED_SELECTOR = YES;
				GCC_WARN_UNINITIALIZED_AUTOS = YES_AGGRESSIVE;
				GCC_WARN_UNUSED_FUNCTION = YES;
				GCC_WARN_UNUSED_VARIABLE = YES;
				IPHONEOS_DEPLOYMENT_TARGET = 14.1;
				MTL_ENABLE_DEBUG_INFO = NO;
				MTL_FAST_MATH = YES;
				SDKROOT = iphoneos;
				SWIFT_COMPILATION_MODE = wholemodule;
				SWIFT_OPTIMIZATION_LEVEL = "-O";
				VALIDATE_PRODUCT = YES;
			};
			name = Release;
		};
		15E7EA0E2540987F00D459FA /* Debug */ = {
			isa = XCBuildConfiguration;
			buildSettings = {
				ASSETCATALOG_COMPILER_APPICON_NAME = AppIcon;
				ASSETCATALOG_COMPILER_GLOBAL_ACCENT_COLOR_NAME = AccentColor;
				CODE_SIGN_STYLE = Automatic;
				DEVELOPMENT_TEAM = QTCBMWZUKD;
				INFOPLIST_FILE = MovieDBCheck/Info.plist;
				LD_RUNPATH_SEARCH_PATHS = (
					"$(inherited)",
					"@executable_path/Frameworks",
				);
				PRODUCT_BUNDLE_IDENTIFIER = io.tukgaesoft.PopcornSwirl;
				PRODUCT_NAME = "$(TARGET_NAME)";
				SWIFT_VERSION = 5.0;
				TARGETED_DEVICE_FAMILY = "1,2";
			};
			name = Debug;
		};
		15E7EA0F2540987F00D459FA /* Release */ = {
			isa = XCBuildConfiguration;
			buildSettings = {
				ASSETCATALOG_COMPILER_APPICON_NAME = AppIcon;
				ASSETCATALOG_COMPILER_GLOBAL_ACCENT_COLOR_NAME = AccentColor;
				CODE_SIGN_STYLE = Automatic;
				DEVELOPMENT_TEAM = QTCBMWZUKD;
				INFOPLIST_FILE = MovieDBCheck/Info.plist;
				LD_RUNPATH_SEARCH_PATHS = (
					"$(inherited)",
					"@executable_path/Frameworks",
				);
				PRODUCT_BUNDLE_IDENTIFIER = io.tukgaesoft.PopcornSwirl;
				PRODUCT_NAME = "$(TARGET_NAME)";
				SWIFT_VERSION = 5.0;
				TARGETED_DEVICE_FAMILY = "1,2";
			};
			name = Release;
		};
/* End XCBuildConfiguration section */

/* Begin XCConfigurationList section */
		15E7E9F42540987D00D459FA /* Build configuration list for PBXProject "PopcornSwirl" */ = {
			isa = XCConfigurationList;
			buildConfigurations = (
				15E7EA0B2540987F00D459FA /* Debug */,
				15E7EA0C2540987F00D459FA /* Release */,
			);
			defaultConfigurationIsVisible = 0;
			defaultConfigurationName = Release;
		};
		15E7EA0D2540987F00D459FA /* Build configuration list for PBXNativeTarget "PopcornSwirl" */ = {
			isa = XCConfigurationList;
			buildConfigurations = (
				15E7EA0E2540987F00D459FA /* Debug */,
				15E7EA0F2540987F00D459FA /* Release */,
			);
			defaultConfigurationIsVisible = 0;
			defaultConfigurationName = Release;
		};
/* End XCConfigurationList section */

/* Begin XCVersionGroup section */
		15CF92A62543409C00CCBBF9 /* MovieModel.xcdatamodeld */ = {
			isa = XCVersionGroup;
			children = (
				15CF92A72543409C00CCBBF9 /* MovieModel.xcdatamodel */,
			);
			currentVersion = 15CF92A72543409C00CCBBF9 /* MovieModel.xcdatamodel */;
			path = MovieModel.xcdatamodeld;
			sourceTree = "<group>";
			versionGroupType = wrapper.xcdatamodel;
		};
/* End XCVersionGroup section */
	};
	rootObject = 15E7E9F12540987D00D459FA /* Project object */;
}
